
Microsoft Visual Studio Solution File, Format Version 12.00
# Visual Studio Version 17
VisualStudioVersion = 17.4.33205.214
MinimumVisualStudioVersion = 10.0.40219.1
Project("{FAE04EC0-301F-11D3-BF4B-00C04F79EFBC}") = "ConsoleApp3", "ConsoleApp3\ConsoleApp3.csproj", "{3FA4CC83-CA47-4AE7-BE44-5EF11E74EE80}"
EndProject
Global
	GlobalSection(SolutionConfigurationPlatforms) = preSolution
		Debug|Any CPU = Debug|Any CPU
		Release|Any CPU = Release|Any CPU
	EndGlobalSection
	GlobalSection(ProjectConfigurationPlatforms) = postSolution
		{3FA4CC83-CA47-4AE7-BE44-5EF11E74EE80}.Debug|Any CPU.ActiveCfg = Debug|Any CPU
		{3FA4CC83-CA47-4AE7-BE44-5EF11E74EE80}.Debug|Any CPU.Build.0 = Debug|Any CPU
		{3FA4CC83-CA47-4AE7-BE44-5EF11E74EE80}.Release|Any CPU.ActiveCfg = Release|Any CPU
		{3FA4CC83-CA47-4AE7-BE44-5EF11E74EE80}.Release|Any CPU.Build.0 = Release|Any CPU
	EndGlobalSection
	GlobalSection(SolutionProperties) = preSolution
		HideSolutionNode = FALSE
	EndGlobalSection
	GlobalSection(ExtensibilityGlobals) = postSolution
		SolutionGuid = {588DCD70-A2AA-4B3F-BBCB-7FACF6DBA7E9}
	EndGlobalSection
EndGlobal
